
Microsoft Visual Studio Solution File, Format Version 12.00
# Visual Studio Version 17
VisualStudioVersion = 17.3.32819.101
MinimumVisualStudioVersion = 10.0.40219.1
Project("{FAE04EC0-301F-11D3-BF4B-00C04F79EFBC}") = "pjDiccionario", "pjDiccionario\pjDiccionario.csproj", "{ACBCD206-2970-4122-8ECD-7BA162A0292A}"
EndProject
Global
	GlobalSection(SolutionConfigurationPlatforms) = preSolution
		Debug|Any CPU = Debug|Any CPU
		Release|Any CPU = Release|Any CPU
	EndGlobalSection
	GlobalSection(ProjectConfigurationPlatforms) = postSolution
		{ACBCD206-2970-4122-8ECD-7BA162A0292A}.Debug|Any CPU.ActiveCfg = Debug|Any CPU
		{ACBCD206-2970-4122-8ECD-7BA162A0292A}.Debug|Any CPU.Build.0 = Debug|Any CPU
		{ACBCD206-2970-4122-8ECD-7BA162A0292A}.Release|Any CPU.ActiveCfg = Release|Any CPU
		{ACBCD206-2970-4122-8ECD-7BA162A0292A}.Release|Any CPU.Build.0 = Release|Any CPU
	EndGlobalSection
	GlobalSection(SolutionProperties) = preSolution
		HideSolutionNode = FALSE
	EndGlobalSection
	GlobalSection(ExtensibilityGlobals) = postSolution
		SolutionGuid = {FAE36BC7-2262-47E4-B514-74B25412CF50}
	EndGlobalSection
EndGlobal
